
Microsoft Visual Studio Solution File, Format Version 12.00
# Visual Studio 15
VisualStudioVersion = 15.0.28307.779
MinimumVisualStudioVersion = 10.0.40219.1
Project("{8BC9CEB8-8B4A-11D0-8D11-00A0C91BC942}") = "pro-onsole", "pro-onsole\pro-onsole.vcxproj", "{852BBF16-919B-4DB8-A8D9-F246E6AE29BD}"
EndProject
Global
	GlobalSection(SolutionConfigurationPlatforms) = preSolution
		Debug|x64 = Debug|x64
		Debug|x86 = Debug|x86
		Release|x64 = Release|x64
		Release|x86 = Release|x86
	EndGlobalSection
	GlobalSection(ProjectConfigurationPlatforms) = postSolution
		{852BBF16-919B-4DB8-A8D9-F246E6AE29BD}.Debug|x64.ActiveCfg = Debug|x64
		{852BBF16-919B-4DB8-A8D9-F246E6AE29BD}.Debug|x64.Build.0 = Debug|x64
		{852BBF16-919B-4DB8-A8D9-F246E6AE29BD}.Debug|x86.ActiveCfg = Debug|Win32
		{852BBF16-919B-4DB8-A8D9-F246E6AE29BD}.Debug|x86.Build.0 = Debug|Win32
		{852BBF16-919B-4DB8-A8D9-F246E6AE29BD}.Release|x64.ActiveCfg = Release|x64
		{852BBF16-919B-4DB8-A8D9-F246E6AE29BD}.Release|x64.Build.0 = Release|x64
		{852BBF16-919B-4DB8-A8D9-F246E6AE29BD}.Release|x86.ActiveCfg = Release|Win32
		{852BBF16-919B-4DB8-A8D9-F246E6AE29BD}.Release|x86.Build.0 = Release|Win32
	EndGlobalSection
	GlobalSection(SolutionProperties) = preSolution
		HideSolutionNode = FALSE
	EndGlobalSection
	GlobalSection(ExtensibilityGlobals) = postSolution
		SolutionGuid = {7E902AEC-9B07-4187-8E3C-C793EBEF17DA}
	EndGlobalSection
EndGlobal
